
Microsoft Visual Studio Solution File, Format Version 12.00
# Visual Studio Version 17
VisualStudioVersion = 17.9.34607.119
MinimumVisualStudioVersion = 10.0.40219.1
Project("{FAE04EC0-301F-11D3-BF4B-00C04F79EFBC}") = "SonarCloudAutoscanEval", "SonarCloudAutoscanEval\SonarCloudAutoscanEval.csproj", "{28E11503-C8A6-4991-BB99-F262AD9555DB}"
EndProject
Global
	GlobalSection(SolutionConfigurationPlatforms) = preSolution
		Debug|Any CPU = Debug|Any CPU
		Release|Any CPU = Release|Any CPU
	EndGlobalSection
	GlobalSection(ProjectConfigurationPlatforms) = postSolution
		{28E11503-C8A6-4991-BB99-F262AD9555DB}.Debug|Any CPU.ActiveCfg = Debug|Any CPU
		{28E11503-C8A6-4991-BB99-F262AD9555DB}.Debug|Any CPU.Build.0 = Debug|Any CPU
		{28E11503-C8A6-4991-BB99-F262AD9555DB}.Release|Any CPU.ActiveCfg = Release|Any CPU
		{28E11503-C8A6-4991-BB99-F262AD9555DB}.Release|Any CPU.Build.0 = Release|Any CPU
	EndGlobalSection
	GlobalSection(SolutionProperties) = preSolution
		HideSolutionNode = FALSE
	EndGlobalSection
	GlobalSection(ExtensibilityGlobals) = postSolution
		SolutionGuid = {AEEEAA38-B922-43C5-A51C-A94EDDFF19C8}
	EndGlobalSection
EndGlobal
